
Microsoft Visual Studio Solution File, Format Version 12.00
# Visual Studio 15
VisualStudioVersion = 15.0.27130.2027
MinimumVisualStudioVersion = 10.0.40219.1
Project("{FAE04EC0-301F-11D3-BF4B-00C04F79EFBC}") = "DND", "DND\DND.csproj", "{FA535750-36E4-44D6-AAD9-4BC429D99B05}"
EndProject
Global
	GlobalSection(SolutionConfigurationPlatforms) = preSolution
		Debug|Any CPU = Debug|Any CPU
		Release|Any CPU = Release|Any CPU
	EndGlobalSection
	GlobalSection(ProjectConfigurationPlatforms) = postSolution
		{FA535750-36E4-44D6-AAD9-4BC429D99B05}.Debug|Any CPU.ActiveCfg = Debug|Any CPU
		{FA535750-36E4-44D6-AAD9-4BC429D99B05}.Debug|Any CPU.Build.0 = Debug|Any CPU
		{FA535750-36E4-44D6-AAD9-4BC429D99B05}.Release|Any CPU.ActiveCfg = Release|Any CPU
		{FA535750-36E4-44D6-AAD9-4BC429D99B05}.Release|Any CPU.Build.0 = Release|Any CPU
	EndGlobalSection
	GlobalSection(SolutionProperties) = preSolution
		HideSolutionNode = FALSE
	EndGlobalSection
	GlobalSection(ExtensibilityGlobals) = postSolution
		SolutionGuid = {4C8C05D7-43C5-450C-B9DB-C02BB686E965}
	EndGlobalSection
EndGlobal
